
Microsoft Visual Studio Solution File, Format Version 12.00
# Visual Studio Version 17
VisualStudioVersion = 17.14.36511.14 d17.14
MinimumVisualStudioVersion = 10.0.40219.1
Project("{FAE04EC0-301F-11D3-BF4B-00C04F79EFBC}") = "DesafioModulo2", "DesafioModulo2.csproj", "{A497D7C0-D728-4AE9-8EE9-E23561155656}"
EndProject
Global
	GlobalSection(SolutionConfigurationPlatforms) = preSolution
		Debug|Any CPU = Debug|Any CPU
		Release|Any CPU = Release|Any CPU
	EndGlobalSection
	GlobalSection(ProjectConfigurationPlatforms) = postSolution
		{A497D7C0-D728-4AE9-8EE9-E23561155656}.Debug|Any CPU.ActiveCfg = Debug|Any CPU
		{A497D7C0-D728-4AE9-8EE9-E23561155656}.Debug|Any CPU.Build.0 = Debug|Any CPU
		{A497D7C0-D728-4AE9-8EE9-E23561155656}.Release|Any CPU.ActiveCfg = Release|Any CPU
		{A497D7C0-D728-4AE9-8EE9-E23561155656}.Release|Any CPU.Build.0 = Release|Any CPU
	EndGlobalSection
	GlobalSection(SolutionProperties) = preSolution
		HideSolutionNode = FALSE
	EndGlobalSection
	GlobalSection(ExtensibilityGlobals) = postSolution
		SolutionGuid = {A50582C3-C657-40B2-8667-683AD6AC2CCF}
	EndGlobalSection
EndGlobal
